
Microsoft Visual Studio Solution File, Format Version 12.00
# Visual Studio Version 16
VisualStudioVersion = 16.0.28729.10
MinimumVisualStudioVersion = 10.0.40219.1
Project("{FAE04EC0-301F-11D3-BF4B-00C04F79EFBC}") = "LanguageBasic-2M3", "LanguageBasic-2M3\LanguageBasic-2M3.csproj", "{4D13835E-9D8D-4367-BB37-FA5C0AC3B82F}"
EndProject
Global
	GlobalSection(SolutionConfigurationPlatforms) = preSolution
		Debug|Any CPU = Debug|Any CPU
		Release|Any CPU = Release|Any CPU
	EndGlobalSection
	GlobalSection(ProjectConfigurationPlatforms) = postSolution
		{4D13835E-9D8D-4367-BB37-FA5C0AC3B82F}.Debug|Any CPU.ActiveCfg = Debug|Any CPU
		{4D13835E-9D8D-4367-BB37-FA5C0AC3B82F}.Debug|Any CPU.Build.0 = Debug|Any CPU
		{4D13835E-9D8D-4367-BB37-FA5C0AC3B82F}.Release|Any CPU.ActiveCfg = Release|Any CPU
		{4D13835E-9D8D-4367-BB37-FA5C0AC3B82F}.Release|Any CPU.Build.0 = Release|Any CPU
	EndGlobalSection
	GlobalSection(SolutionProperties) = preSolution
		HideSolutionNode = FALSE
	EndGlobalSection
	GlobalSection(ExtensibilityGlobals) = postSolution
		SolutionGuid = {8773416D-7D82-46B0-9ECA-55693C4BC89D}
	EndGlobalSection
EndGlobal
